
Microsoft Visual Studio Solution File, Format Version 12.00
# Visual Studio Version 17
VisualStudioVersion = 17.4.33122.133
MinimumVisualStudioVersion = 10.0.40219.1
Project("{FAE04EC0-301F-11D3-BF4B-00C04F79EFBC}") = "pojeto3", "pojeto3\pojeto3.csproj", "{A87639E4-FAED-4FF2-8645-86E6338E1EF6}"
EndProject
Global
	GlobalSection(SolutionConfigurationPlatforms) = preSolution
		Debug|Any CPU = Debug|Any CPU
		Release|Any CPU = Release|Any CPU
	EndGlobalSection
	GlobalSection(ProjectConfigurationPlatforms) = postSolution
		{A87639E4-FAED-4FF2-8645-86E6338E1EF6}.Debug|Any CPU.ActiveCfg = Debug|Any CPU
		{A87639E4-FAED-4FF2-8645-86E6338E1EF6}.Debug|Any CPU.Build.0 = Debug|Any CPU
		{A87639E4-FAED-4FF2-8645-86E6338E1EF6}.Release|Any CPU.ActiveCfg = Release|Any CPU
		{A87639E4-FAED-4FF2-8645-86E6338E1EF6}.Release|Any CPU.Build.0 = Release|Any CPU
	EndGlobalSection
	GlobalSection(SolutionProperties) = preSolution
		HideSolutionNode = FALSE
	EndGlobalSection
	GlobalSection(ExtensibilityGlobals) = postSolution
		SolutionGuid = {67B0D49D-59DB-4AC4-8959-7B592D631EE4}
	EndGlobalSection
EndGlobal
